
Microsoft Visual Studio Solution File, Format Version 12.00
# Visual Studio 2013
VisualStudioVersion = 12.0.30723.0
MinimumVisualStudioVersion = 10.0.40219.1
Project("{FAE04EC0-301F-11D3-BF4B-00C04F79EFBC}") = "Dobble", "Dobble\Dobble.csproj", "{2873DE28-9010-44EA-BE68-15D920BCF6FF}"
EndProject
Project("{FAE04EC0-301F-11D3-BF4B-00C04F79EFBC}") = "Bobble.Tests", "Bobble.Tests\Bobble.Tests.csproj", "{DFF66093-1AC3-4B21-A887-CA00071893A6}"
EndProject
Global
	GlobalSection(SolutionConfigurationPlatforms) = preSolution
		Debug|Any CPU = Debug|Any CPU
		Release|Any CPU = Release|Any CPU
	EndGlobalSection
	GlobalSection(ProjectConfigurationPlatforms) = postSolution
		{2873DE28-9010-44EA-BE68-15D920BCF6FF}.Debug|Any CPU.ActiveCfg = Debug|Any CPU
		{2873DE28-9010-44EA-BE68-15D920BCF6FF}.Debug|Any CPU.Build.0 = Debug|Any CPU
		{2873DE28-9010-44EA-BE68-15D920BCF6FF}.Release|Any CPU.ActiveCfg = Release|Any CPU
		{2873DE28-9010-44EA-BE68-15D920BCF6FF}.Release|Any CPU.Build.0 = Release|Any CPU
		{DFF66093-1AC3-4B21-A887-CA00071893A6}.Debug|Any CPU.ActiveCfg = Debug|Any CPU
		{DFF66093-1AC3-4B21-A887-CA00071893A6}.Debug|Any CPU.Build.0 = Debug|Any CPU
		{DFF66093-1AC3-4B21-A887-CA00071893A6}.Release|Any CPU.ActiveCfg = Release|Any CPU
		{DFF66093-1AC3-4B21-A887-CA00071893A6}.Release|Any CPU.Build.0 = Release|Any CPU
	EndGlobalSection
	GlobalSection(SolutionProperties) = preSolution
		HideSolutionNode = FALSE
	EndGlobalSection
EndGlobal
